// !$*UTF8*$!
{
	archiveVersion = 1;
	classes = {
	};
	objectVersion = 46;
	objects = {

/* Begin PBXBuildFile section */
		005B59771DC2746E00D3FC9C /* AppDelegate.swift in Sources */ = {isa = PBXBuildFile; fileRef = 005B59761DC2746E00D3FC9C /* AppDelegate.swift */; };
		005B59791DC2746E00D3FC9C /* ViewController.swift in Sources */ = {isa = PBXBuildFile; fileRef = 005B59781DC2746E00D3FC9C /* ViewController.swift */; };
		005B597C1DC2746E00D3FC9C /* Main.storyboard in Resources */ = {isa = PBXBuildFile; fileRef = 005B597A1DC2746E00D3FC9C /* Main.storyboard */; };
		005B597E1DC2746E00D3FC9C /* Assets.xcassets in Resources */ = {isa = PBXBuildFile; fileRef = 005B597D1DC2746E00D3FC9C /* Assets.xcassets */; };
		005B59811DC2746E00D3FC9C /* LaunchScreen.storyboard in Resources */ = {isa = PBXBuildFile; fileRef = 005B597F1DC2746E00D3FC9C /* LaunchScreen.storyboard */; };
		005B598C1DC2746F00D3FC9C /* FoodTrackerTests.swift in Sources */ = {isa = PBXBuildFile; fileRef = 005B598B1DC2746F00D3FC9C /* FoodTrackerTests.swift */; };
		005B59971DC2746F00D3FC9C /* FoodTrackerUITests.swift in Sources */ = {isa = PBXBuildFile; fileRef = 005B59961DC2746F00D3FC9C /* FoodTrackerUITests.swift */; };
/* End PBXBuildFile section */

/* Begin PBXContainerItemProxy section */
		005B59881DC2746F00D3FC9C /* PBXContainerItemProxy */ = {
			isa = PBXContainerItemProxy;
			containerPortal = 005B596B1DC2746D00D3FC9C /* Project object */;
			proxyType = 1;
			remoteGlobalIDString = 005B59721DC2746D00D3FC9C;
			remoteInfo = FoodTracker;
		};
		005B59931DC2746F00D3FC9C /* PBXContainerItemProxy */ = {
			isa = PBXContainerItemProxy;
			containerPortal = 005B596B1DC2746D00D3FC9C /* Project object */;
			proxyType = 1;
			remoteGlobalIDString = 005B59721DC2746D00D3FC9C;
			remoteInfo = FoodTracker;
		};
/* End PBXContainerItemProxy section */

/* Begin PBXFileReference section */
		005B59731DC2746E00D3FC9C /* FoodTracker.app */ = {isa = PBXFileReference; explicitFileType = wrapper.application; includeInIndex = 0; path = FoodTracker.app; sourceTree = BUILT_PRODUCTS_DIR; };
		005B59761DC2746E00D3FC9C /* AppDelegate.swift */ = {isa = PBXFileReference; lastKnownFileType = sourcecode.swift; path = AppDelegate.swift; sourceTree = "<group>"; };
		005B59781DC2746E00D3FC9C /* ViewController.swift */ = {isa = PBXFileReference; lastKnownFileType = sourcecode.swift; path = ViewController.swift; sourceTree = "<group>"; };
		005B597B1DC2746E00D3FC9C /* Base */ = {isa = PBXFileReference; lastKnownFileType = file.storyboard; name = Base; path = Base.lproj/Main.storyboard; sourceTree = "<group>"; };
		005B597D1DC2746E00D3FC9C /* Assets.xcassets */ = {isa = PBXFileReference; lastKnownFileType = folder.assetcatalog; path = Assets.xcassets; sourceTree = "<group>"; };
		005B59801DC2746E00D3FC9C /* Base */ = {isa = PBXFileReference; lastKnownFileType = file.storyboard; name = Base; path = Base.lproj/LaunchScreen.storyboard; sourceTree = "<group>"; };
		005B59821DC2746E00D3FC9C /* Info.plist */ = {isa = PBXFileReference; lastKnownFileType = text.plist.xml; path = Info.plist; sourceTree = "<group>"; };
		005B59871DC2746F00D3FC9C /* FoodTrackerTests.xctest */ = {isa = PBXFileReference; explicitFileType = wrapper.cfbundle; includeInIndex = 0; path = FoodTrackerTests.xctest; sourceTree = BUILT_PRODUCTS_DIR; };
		005B598B1DC2746F00D3FC9C /* FoodTrackerTests.swift */ = {isa = PBXFileReference; lastKnownFileType = sourcecode.swift; path = FoodTrackerTests.swift; sourceTree = "<group>"; };
		005B598D1DC2746F00D3FC9C /* Info.plist */ = {isa = PBXFileReference; lastKnownFileType = text.plist.xml; path = Info.plist; sourceTree = "<group>"; };
		005B59921DC2746F00D3FC9C /* FoodTrackerUITests.xctest */ = {isa = PBXFileReference; explicitFileType = wrapper.cfbundle; includeInIndex = 0; path = FoodTrackerUITests.xctest; sourceTree = BUILT_PRODUCTS_DIR; };
		005B59961DC2746F00D3FC9C /* FoodTrackerUITests.swift */ = {isa = PBXFileReference; lastKnownFileType = sourcecode.swift; path = FoodTrackerUITests.swift; sourceTree = "<group>"; };
		005B59981DC2746F00D3FC9C /* Info.plist */ = {isa = PBXFileReference; lastKnownFileType = text.plist.xml; path = Info.plist; sourceTree = "<group>"; };
/* End PBXFileReference section */

/* Begin PBXFrameworksBuildPhase section */
		005B59701DC2746D00D3FC9C /* Frameworks */ = {
			isa = PBXFrameworksBuildPhase;
			buildActionMask = 2147483647;
			files = (
			);
			runOnlyForDeploymentPostprocessing = 0;
		};
		005B59841DC2746F00D3FC9C /* Frameworks */ = {
			isa = PBXFrameworksBuildPhase;
			buildActionMask = 2147483647;
			files = (
			);
			runOnlyForDeploymentPostprocessing = 0;
		};
		005B598F1DC2746F00D3FC9C /* Frameworks */ = {
			isa = PBXFrameworksBuildPhase;
			buildActionMask = 2147483647;
			files = (
			);
			runOnlyForDeploymentPostprocessing = 0;
		};
/* End PBXFrameworksBuildPhase section */

/* Begin PBXGroup section */
		005B596A1DC2746D00D3FC9C = {
			isa = PBXGroup;
			children = (
				005B59751DC2746E00D3FC9C /* FoodTracker */,
				005B598A1DC2746F00D3FC9C /* FoodTrackerTests */,
				005B59951DC2746F00D3FC9C /* FoodTrackerUITests */,
				005B59741DC2746E00D3FC9C /* Products */,
			);
			sourceTree = "<group>";
		};
		005B59741DC2746E00D3FC9C /* Products */ = {
			isa = PBXGroup;
			children = (
				005B59731DC2746E00D3FC9C /* FoodTracker.app */,
				005B59871DC2746F00D3FC9C /* FoodTrackerTests.xctest */,
				005B59921DC2746F00D3FC9C /* FoodTrackerUITests.xctest */,
			);
			name = Products;
			sourceTree = "<group>";
		};
		005B59751DC2746E00D3FC9C /* FoodTracker */ = {
			isa = PBXGroup;
			children = (
				005B59761DC2746E00D3FC9C /* AppDelegate.swift */,
				005B59781DC2746E00D3FC9C /* ViewController.swift */,
				005B597A1DC2746E00D3FC9C /* Main.storyboard */,
				005B597D1DC2746E00D3FC9C /* Assets.xcassets */,
				005B597F1DC2746E00D3FC9C /* LaunchScreen.storyboard */,
				005B59821DC2746E00D3FC9C /* Info.plist */,
			);
			path = FoodTracker;
			sourceTree = "<group>";
		};
		005B598A1DC2746F00D3FC9C /* FoodTrackerTests */ = {
			isa = PBXGroup;
			children = (
				005B598B1DC2746F00D3FC9C /* FoodTrackerTests.swift */,
				005B598D1DC2746F00D3FC9C /* Info.plist */,
			);
			path = FoodTrackerTests;
			sourceTree = "<group>";
		};
		005B59951DC2746F00D3FC9C /* FoodTrackerUITests */ = {
			isa = PBXGroup;
			children = (
				005B59961DC2746F00D3FC9C /* FoodTrackerUITests.swift */,
				005B59981DC2746F00D3FC9C /* Info.plist */,
			);
			path = FoodTrackerUITests;
			sourceTree = "<group>";
		};
/* End PBXGroup section */

/* Begin PBXNativeTarget section */
		005B59721DC2746D00D3FC9C /* FoodTracker */ = {
			isa = PBXNativeTarget;
			buildConfigurationList = 005B599B1DC2746F00D3FC9C /* Build configuration list for PBXNativeTarget "FoodTracker" */;
			buildPhases = (
				005B596F1DC2746D00D3FC9C /* Sources */,
				005B59701DC2746D00D3FC9C /* Frameworks */,
				005B59711DC2746D00D3FC9C /* Resources */,
			);
			buildRules = (
			);
			dependencies = (
			);
			name = FoodTracker;
			productName = FoodTracker;
			productReference = 005B59731DC2746E00D3FC9C /* FoodTracker.app */;
			productType = "com.apple.product-type.application";
		};
		005B59861DC2746F00D3FC9C /* FoodTrackerTests */ = {
			isa = PBXNativeTarget;
			buildConfigurationList = 005B599E1DC2746F00D3FC9C /* Build configuration list for PBXNativeTarget "FoodTrackerTests" */;
			buildPhases = (
				005B59831DC2746F00D3FC9C /* Sources */,
				005B59841DC2746F00D3FC9C /* Frameworks */,
				005B59851DC2746F00D3FC9C /* Resources */,
			);
			buildRules = (
			);
			dependencies = (
				005B59891DC2746F00D3FC9C /* PBXTargetDependency */,
			);
			name = FoodTrackerTests;
			productName = FoodTrackerTests;
			productReference = 005B59871DC2746F00D3FC9C /* FoodTrackerTests.xctest */;
			productType = "com.apple.product-type.bundle.unit-test";
		};
		005B59911DC2746F00D3FC9C /* FoodTrackerUITests */ = {
			isa = PBXNativeTarget;
			buildConfigurationList = 005B59A11DC2746F00D3FC9C /* Build configuration list for PBXNativeTarget "FoodTrackerUITests" */;
			buildPhases = (
				005B598E1DC2746F00D3FC9C /* Sources */,
				005B598F1DC2746F00D3FC9C /* Frameworks */,
				005B59901DC2746F00D3FC9C /* Resources */,
			);
			buildRules = (
			);
			dependencies = (
				005B59941DC2746F00D3FC9C /* PBXTargetDependency */,
			);
			name = FoodTrackerUITests;
			productName = FoodTrackerUITests;
			productReference = 005B59921DC2746F00D3FC9C /* FoodTrackerUITests.xctest */;
			productType = "com.apple.product-type.bundle.ui-testing";
		};
/* End PBXNativeTarget section */

/* Begin PBXProject section */
		005B596B1DC2746D00D3FC9C /* Project object */ = {
			isa = PBXProject;
			attributes = {
				LastSwiftUpdateCheck = 0800;
				LastUpgradeCheck = 0800;
				ORGANIZATIONNAME = Jeffrey;
				TargetAttributes = {
					005B59721DC2746D00D3FC9C = {
						CreatedOnToolsVersion = 8.0;
						ProvisioningStyle = Automatic;
					};
					005B59861DC2746F00D3FC9C = {
						CreatedOnToolsVersion = 8.0;
						ProvisioningStyle = Automatic;
						TestTargetID = 005B59721DC2746D00D3FC9C;
					};
					005B59911DC2746F00D3FC9C = {
						CreatedOnToolsVersion = 8.0;
						ProvisioningStyle = Automatic;
						TestTargetID = 005B59721DC2746D00D3FC9C;
					};
				};
			};
			buildConfigurationList = 005B596E1DC2746D00D3FC9C /* Build configuration list for PBXProject "FoodTracker" */;
			compatibilityVersion = "Xcode 3.2";
			developmentRegion = English;
			hasScannedForEncodings = 0;
			knownRegions = (
				en,
				Base,
			);
			mainGroup = 005B596A1DC2746D00D3FC9C;
			productRefGroup = 005B59741DC2746E00D3FC9C /* Products */;
			projectDirPath = "";
			projectRoot = "";
			targets = (
				005B59721DC2746D00D3FC9C /* FoodTracker */,
				005B59861DC2746F00D3FC9C /* FoodTrackerTests */,
				005B59911DC2746F00D3FC9C /* FoodTrackerUITests */,
			);
		};
/* End PBXProject section */

/* Begin PBXResourcesBuildPhase section */
		005B59711DC2746D00D3FC9C /* Resources */ = {
			isa = PBXResourcesBuildPhase;
			buildActionMask = 2147483647;
			files = (
				005B59811DC2746E00D3FC9C /* LaunchScreen.storyboard in Resources */,
				005B597E1DC2746E00D3FC9C /* Assets.xcassets in Resources */,
				005B597C1DC2746E00D3FC9C /* Main.storyboard in Resources */,
			);
			runOnlyForDeploymentPostprocessing = 0;
		};
		005B59851DC2746F00D3FC9C /* Resources */ = {
			isa = PBXResourcesBuildPhase;
			buildActionMask = 2147483647;
			files = (
			);
			runOnlyForDeploymentPostprocessing = 0;
		};
		005B59901DC2746F00D3FC9C /* Resources */ = {
			isa = PBXResourcesBuildPhase;
			buildActionMask = 2147483647;
			files = (
			);
			runOnlyForDeploymentPostprocessing = 0;
		};
/* End PBXResourcesBuildPhase section */

/* Begin PBXSourcesBuildPhase section */
		005B596F1DC2746D00D3FC9C /* Sources */ = {
			isa = PBXSourcesBuildPhase;
			buildActionMask = 2147483647;
			files = (
				005B59791DC2746E00D3FC9C /* ViewController.swift in Sources */,
				005B59771DC2746E00D3FC9C /* AppDelegate.swift in Sources */,
			);
			runOnlyForDeploymentPostprocessing = 0;
		};
		005B59831DC2746F00D3FC9C /* Sources */ = {
			isa = PBXSourcesBuildPhase;
			buildActionMask = 2147483647;
			files = (
				005B598C1DC2746F00D3FC9C /* FoodTrackerTests.swift in Sources */,
			);
			runOnlyForDeploymentPostprocessing = 0;
		};
		005B598E1DC2746F00D3FC9C /* Sources */ = {
			isa = PBXSourcesBuildPhase;
			buildActionMask = 2147483647;
			files = (
				005B59971DC2746F00D3FC9C /* FoodTrackerUITests.swift in Sources */,
			);
			runOnlyForDeploymentPostprocessing = 0;
		};
/* End PBXSourcesBuildPhase section */

/* Begin PBXTargetDependency section */
		005B59891DC2746F00D3FC9C /* PBXTargetDependency */ = {
			isa = PBXTargetDependency;
			target = 005B59721DC2746D00D3FC9C /* FoodTracker */;
			targetProxy = 005B59881DC2746F00D3FC9C /* PBXContainerItemProxy */;
		};
		005B59941DC2746F00D3FC9C /* PBXTargetDependency */ = {
			isa = PBXTargetDependency;
			target = 005B59721DC2746D00D3FC9C /* FoodTracker */;
			targetProxy = 005B59931DC2746F00D3FC9C /* PBXContainerItemProxy */;
		};
/* End PBXTargetDependency section */

/* Begin PBXVariantGroup section */
		005B597A1DC2746E00D3FC9C /* Main.storyboard */ = {
			isa = PBXVariantGroup;
			children = (
				005B597B1DC2746E00D3FC9C /* Base */,
			);
			name = Main.storyboard;
			sourceTree = "<group>";
		};
		005B597F1DC2746E00D3FC9C /* LaunchScreen.storyboard */ = {
			isa = PBXVariantGroup;
			children = (
				005B59801DC2746E00D3FC9C /* Base */,
			);
			name = LaunchScreen.storyboard;
			sourceTree = "<group>";
		};
/* End PBXVariantGroup section */

/* Begin XCBuildConfiguration section */
		005B59991DC2746F00D3FC9C /* Debug */ = {
			isa = XCBuildConfiguration;
			buildSettings = {
				ALWAYS_SEARCH_USER_PATHS = NO;
				CLANG_ANALYZER_NONNULL = YES;
				CLANG_CXX_LANGUAGE_STANDARD = "gnu++0x";
				CLANG_CXX_LIBRARY = "libc++";
				CLANG_ENABLE_MODULES = YES;
				CLANG_ENABLE_OBJC_ARC = YES;
				CLANG_WARN_BOOL_CONVERSION = YES;
				CLANG_WARN_CONSTANT_CONVERSION = YES;
				CLANG_WARN_DIRECT_OBJC_ISA_USAGE = YES_ERROR;
				CLANG_WARN_DOCUMENTATION_COMMENTS = YES;
				CLANG_WARN_EMPTY_BODY = YES;
				CLANG_WARN_ENUM_CONVERSION = YES;
				CLANG_WARN_INFINITE_RECURSION = YES;
				CLANG_WARN_INT_CONVERSION = YES;
				CLANG_WARN_OBJC_ROOT_CLASS = YES_ERROR;
				CLANG_WARN_SUSPICIOUS_MOVES = YES;
				CLANG_WARN_UNREACHABLE_CODE = YES;
				CLANG_WARN__DUPLICATE_METHOD_MATCH = YES;
				"CODE_SIGN_IDENTITY[sdk=iphoneos*]" = "iPhone Developer";
				COPY_PHASE_STRIP = NO;
				DEBUG_INFORMATION_FORMAT = dwarf;
				ENABLE_STRICT_OBJC_MSGSEND = YES;
				ENABLE_TESTABILITY = YES;
				GCC_C_LANGUAGE_STANDARD = gnu99;
				GCC_DYNAMIC_NO_PIC = NO;
				GCC_NO_COMMON_BLOCKS = YES;
				GCC_OPTIMIZATION_LEVEL = 0;
				GCC_PREPROCESSOR_DEFINITIONS = (
					"DEBUG=1",
					"$(inherited)",
				);
				GCC_WARN_64_TO_32_BIT_CONVERSION = YES;
				GCC_WARN_ABOUT_RETURN_TYPE = YES_ERROR;
				GCC_WARN_UNDECLARED_SELECTOR = YES;
				GCC_WARN_UNINITIALIZED_AUTOS = YES_AGGRESSIVE;
				GCC_WARN_UNUSED_FUNCTION = YES;
				GCC_WARN_UNUSED_VARIABLE = YES;
				IPHONEOS_DEPLOYMENT_TARGET = 10.0;
				MTL_ENABLE_DEBUG_INFO = YES;
				ONLY_ACTIVE_ARCH = YES;
				SDKROOT = iphoneos;
				SWIFT_ACTIVE_COMPILATION_CONDITIONS = DEBUG;
				SWIFT_OPTIMIZATION_LEVEL = "-Onone";
				TARGETED_DEVICE_FAMILY = "1,2";
			};
			name = Debug;
		};
		005B599A1DC2746F00D3FC9C /* Release */ = {
			isa = XCBuildConfiguration;
			buildSettings = {
				ALWAYS_SEARCH_USER_PATHS = NO;
				CLANG_ANALYZER_NONNULL = YES;
				CLANG_CXX_LANGUAGE_STANDARD = "gnu++0x";
				CLANG_CXX_LIBRARY = "libc++";
				CLANG_ENABLE_MODULES = YES;
				CLANG_ENABLE_OBJC_ARC = YES;
				CLANG_WARN_BOOL_CONVERSION = YES;
				CLANG_WARN_CONSTANT_CONVERSION = YES;
				CLANG_WARN_DIRECT_OBJC_ISA_USAGE = YES_ERROR;
				CLANG_WARN_DOCUMENTATION_COMMENTS = YES;
				CLANG_WARN_EMPTY_BODY = YES;
				CLANG_WARN_ENUM_CONVERSION = YES;
				CLANG_WARN_INFINITE_RECURSION = YES;
				CLANG_WARN_INT_CONVERSION = YES;
				CLANG_WARN_OBJC_ROOT_CLASS = YES_ERROR;
				CLANG_WARN_SUSPICIOUS_MOVES = YES;
				CLANG_WARN_UNREACHABLE_CODE = YES;
				CLANG_WARN__DUPLICATE_METHOD_MATCH = YES;
				"CODE_SIGN_IDENTITY[sdk=iphoneos*]" = "iPhone Developer";
				COPY_PHASE_STRIP = NO;
				DEBUG_INFORMATION_FORMAT = "dwarf-with-dsym";
				ENABLE_NS_ASSERTIONS = NO;
				ENABLE_STRICT_OBJC_MSGSEND = YES;
				GCC_C_LANGUAGE_STANDARD = gnu99;
				GCC_NO_COMMON_BLOCKS = YES;
				GCC_WARN_64_TO_32_BIT_CONVERSION = YES;
				GCC_WARN_ABOUT_RETURN_TYPE = YES_ERROR;
				GCC_WARN_UNDECLARED_SELECTOR = YES;
				GCC_WARN_UNINITIALIZED_AUTOS = YES_AGGRESSIVE;
				GCC_WARN_UNUSED_FUNCTION = YES;
				GCC_WARN_UNUSED_VARIABLE = YES;
				IPHONEOS_DEPLOYMENT_TARGET = 10.0;
				MTL_ENABLE_DEBUG_INFO = NO;
				SDKROOT = iphoneos;
				SWIFT_OPTIMIZATION_LEVEL = "-Owholemodule";
				TARGETED_DEVICE_FAMILY = "1,2";
				VALIDATE_PRODUCT = YES;
			};
			name = Release;
		};
		005B599C1DC2746F00D3FC9C /* Debug */ = {
			isa = XCBuildConfiguration;
			buildSettings = {
				ASSETCATALOG_COMPILER_APPICON_NAME = AppIcon;
				INFOPLIST_FILE = FoodTracker/Info.plist;
				LD_RUNPATH_SEARCH_PATHS = "$(inherited) @executable_path/Frameworks";
				PRODUCT_BUNDLE_IDENTIFIER = ca.on.rsgc.FoodTracker;
				PRODUCT_NAME = "$(TARGET_NAME)";
				SWIFT_VERSION = 3.0;
			};
			name = Debug;
		};
		005B599D1DC2746F00D3FC9C /* Release */ = {
			isa = XCBuildConfiguration;
			buildSettings = {
				ASSETCATALOG_COMPILER_APPICON_NAME = AppIcon;
				INFOPLIST_FILE = FoodTracker/Info.plist;
				LD_RUNPATH_SEARCH_PATHS = "$(inherited) @executable_path/Frameworks";
				PRODUCT_BUNDLE_IDENTIFIER = ca.on.rsgc.FoodTracker;
				PRODUCT_NAME = "$(TARGET_NAME)";
				SWIFT_VERSION = 3.0;
			};
			name = Release;
		};
		005B599F1DC2746F00D3FC9C /* Debug */ = {
			isa = XCBuildConfiguration;
			buildSettings = {
				ALWAYS_EMBED_SWIFT_STANDARD_LIBRARIES = YES;
				BUNDLE_LOADER = "$(TEST_HOST)";
				INFOPLIST_FILE = FoodTrackerTests/Info.plist;
				LD_RUNPATH_SEARCH_PATHS = "$(inherited) @executable_path/Frameworks @loader_path/Frameworks";
				PRODUCT_BUNDLE_IDENTIFIER = ca.on.rsgc.FoodTrackerTests;
				PRODUCT_NAME = "$(TARGET_NAME)";
				SWIFT_VERSION = 3.0;
				TEST_HOST = "$(BUILT_PRODUCTS_DIR)/FoodTracker.app/FoodTracker";
			};
			name = Debug;
		};
		005B59A01DC2746F00D3FC9C /* Release */ = {
			isa = XCBuildConfiguration;
			buildSettings = {
				ALWAYS_EMBED_SWIFT_STANDARD_LIBRARIES = YES;
				BUNDLE_LOADER = "$(TEST_HOST)";
				INFOPLIST_FILE = FoodTrackerTests/Info.plist;
				LD_RUNPATH_SEARCH_PATHS = "$(inherited) @executable_path/Frameworks @loader_path/Frameworks";
				PRODUCT_BUNDLE_IDENTIFIER = ca.on.rsgc.FoodTrackerTests;
				PRODUCT_NAME = "$(TARGET_NAME)";
				SWIFT_VERSION = 3.0;
				TEST_HOST = "$(BUILT_PRODUCTS_DIR)/FoodTracker.app/FoodTracker";
			};
			name = Release;
		};
		005B59A21DC2746F00D3FC9C /* Debug */ = {
			isa = XCBuildConfiguration;
			buildSettings = {
				ALWAYS_EMBED_SWIFT_STANDARD_LIBRARIES = YES;
				INFOPLIST_FILE = FoodTrackerUITests/Info.plist;
				LD_RUNPATH_SEARCH_PATHS = "$(inherited) @executable_path/Frameworks @loader_path/Frameworks";
				PRODUCT_BUNDLE_IDENTIFIER = ca.on.rsgc.FoodTrackerUITests;
				PRODUCT_NAME = "$(TARGET_NAME)";
				SWIFT_VERSION = 3.0;
				TEST_TARGET_NAME = FoodTracker;
			};
			name = Debug;
		};
		005B59A31DC2746F00D3FC9C /* Release */ = {
			isa = XCBuildConfiguration;
			buildSettings = {
				ALWAYS_EMBED_SWIFT_STANDARD_LIBRARIES = YES;
				INFOPLIST_FILE = FoodTrackerUITests/Info.plist;
				LD_RUNPATH_SEARCH_PATHS = "$(inherited) @executable_path/Frameworks @loader_path/Frameworks";
				PRODUCT_BUNDLE_IDENTIFIER = ca.on.rsgc.FoodTrackerUITests;
				PRODUCT_NAME = "$(TARGET_NAME)";
				SWIFT_VERSION = 3.0;
				TEST_TARGET_NAME = FoodTracker;
			};
			name = Release;
		};
/* End XCBuildConfiguration section */

/* Begin XCConfigurationList section */
		005B596E1DC2746D00D3FC9C /* Build configuration list for PBXProject "FoodTracker" */ = {
			isa = XCConfigurationList;
			buildConfigurations = (
				005B59991DC2746F00D3FC9C /* Debug */,
				005B599A1DC2746F00D3FC9C /* Release */,
			);
			defaultConfigurationIsVisible = 0;
			defaultConfigurationName = Release;
		};
		005B599B1DC2746F00D3FC9C /* Build configuration list for PBXNativeTarget "FoodTracker" */ = {
			isa = XCConfigurationList;
			buildConfigurations = (
				005B599C1DC2746F00D3FC9C /* Debug */,
				005B599D1DC2746F00D3FC9C /* Release */,
			);
			defaultConfigurationIsVisible = 0;
		};
		005B599E1DC2746F00D3FC9C /* Build configuration list for PBXNativeTarget "FoodTrackerTests" */ = {
			isa = XCConfigurationList;
			buildConfigurations = (
				005B599F1DC2746F00D3FC9C /* Debug */,
				005B59A01DC2746F00D3FC9C /* Release */,
			);
			defaultConfigurationIsVisible = 0;
		};
		005B59A11DC2746F00D3FC9C /* Build configuration list for PBXNativeTarget "FoodTrackerUITests" */ = {
			isa = XCConfigurationList;
			buildConfigurations = (
				005B59A21DC2746F00D3FC9C /* Debug */,
				005B59A31DC2746F00D3FC9C /* Release */,
			);
			defaultConfigurationIsVisible = 0;
		};
/* End XCConfigurationList section */
	};
	rootObject = 005B596B1DC2746D00D3FC9C /* Project object */;
}
